
Microsoft Visual Studio Solution File, Format Version 12.00
# Visual Studio Version 17
VisualStudioVersion = 17.0.31903.59
MinimumVisualStudioVersion = 10.0.40219.1
Project("{FAE04EC0-301F-11D3-BF4B-00C04F79EFBC}") = "RxdkVs.Package", "RxdkVs.Package\RxdkVs.Package.csproj", "{C5390B93-36FF-4DE6-9CA3-3776D9C709BB}"
EndProject
Project("{FAE04EC0-301F-11D3-BF4B-00C04F79EFBC}") = "Rxdk.Installer", "Rxdk.Installer\Rxdk.Installer.csproj", "{571AB7EB-4DD4-4DEA-B67E-4FDEFCE983AE}"
EndProject
Global
	GlobalSection(SolutionConfigurationPlatforms) = preSolution
		Debug|Any CPU = Debug|Any CPU
		Debug|x64 = Debug|x64
		Debug|x86 = Debug|x86
		Release|Any CPU = Release|Any CPU
		Release|x64 = Release|x64
		Release|x86 = Release|x86
	EndGlobalSection
	GlobalSection(ProjectConfigurationPlatforms) = postSolution
		{C5390B93-36FF-4DE6-9CA3-3776D9C709BB}.Debug|Any CPU.ActiveCfg = Debug|Any CPU
		{C5390B93-36FF-4DE6-9CA3-3776D9C709BB}.Debug|Any CPU.Build.0 = Debug|Any CPU
		{C5390B93-36FF-4DE6-9CA3-3776D9C709BB}.Debug|x64.ActiveCfg = Debug|Any CPU
		{C5390B93-36FF-4DE6-9CA3-3776D9C709BB}.Debug|x64.Build.0 = Debug|Any CPU
		{C5390B93-36FF-4DE6-9CA3-3776D9C709BB}.Debug|x86.ActiveCfg = Debug|Any CPU
		{C5390B93-36FF-4DE6-9CA3-3776D9C709BB}.Debug|x86.Build.0 = Debug|Any CPU
		{C5390B93-36FF-4DE6-9CA3-3776D9C709BB}.Release|Any CPU.ActiveCfg = Release|Any CPU
		{C5390B93-36FF-4DE6-9CA3-3776D9C709BB}.Release|Any CPU.Build.0 = Release|Any CPU
		{C5390B93-36FF-4DE6-9CA3-3776D9C709BB}.Release|x64.ActiveCfg = Release|Any CPU
		{C5390B93-36FF-4DE6-9CA3-3776D9C709BB}.Release|x64.Build.0 = Release|Any CPU
		{C5390B93-36FF-4DE6-9CA3-3776D9C709BB}.Release|x86.ActiveCfg = Release|Any CPU
		{C5390B93-36FF-4DE6-9CA3-3776D9C709BB}.Release|x86.Build.0 = Release|Any CPU
		{571AB7EB-4DD4-4DEA-B67E-4FDEFCE983AE}.Debug|Any CPU.ActiveCfg = Debug|Any CPU
		{571AB7EB-4DD4-4DEA-B67E-4FDEFCE983AE}.Debug|Any CPU.Build.0 = Debug|Any CPU
		{571AB7EB-4DD4-4DEA-B67E-4FDEFCE983AE}.Debug|x64.ActiveCfg = Debug|Any CPU
		{571AB7EB-4DD4-4DEA-B67E-4FDEFCE983AE}.Debug|x64.Build.0 = Debug|Any CPU
		{571AB7EB-4DD4-4DEA-B67E-4FDEFCE983AE}.Debug|x86.ActiveCfg = Debug|Any CPU
		{571AB7EB-4DD4-4DEA-B67E-4FDEFCE983AE}.Debug|x86.Build.0 = Debug|Any CPU
		{571AB7EB-4DD4-4DEA-B67E-4FDEFCE983AE}.Release|Any CPU.ActiveCfg = Release|Any CPU
		{571AB7EB-4DD4-4DEA-B67E-4FDEFCE983AE}.Release|Any CPU.Build.0 = Release|Any CPU
		{571AB7EB-4DD4-4DEA-B67E-4FDEFCE983AE}.Release|x64.ActiveCfg = Release|Any CPU
		{571AB7EB-4DD4-4DEA-B67E-4FDEFCE983AE}.Release|x64.Build.0 = Release|Any CPU
		{571AB7EB-4DD4-4DEA-B67E-4FDEFCE983AE}.Release|x86.ActiveCfg = Release|Any CPU
		{571AB7EB-4DD4-4DEA-B67E-4FDEFCE983AE}.Release|x86.Build.0 = Release|Any CPU
	EndGlobalSection
	GlobalSection(SolutionProperties) = preSolution
		HideSolutionNode = FALSE
	EndGlobalSection
	GlobalSection(ExtensibilityGlobals) = postSolution
		SolutionGuid = {5AB1071F-2AE3-4172-A20A-234236703760}
	EndGlobalSection
EndGlobal
